
Microsoft Visual Studio Solution File, Format Version 12.00
Project("{FAE04EC0-301F-11D3-BF4B-00C04F79EFBC}") = "DND Bot", "DND Bot\DND Bot.csproj", "{BC6E42A2-4EF1-4E5F-89B4-444D66113AD7}"
EndProject
Project("{FAE04EC0-301F-11D3-BF4B-00C04F79EFBC}") = "DND Bot States", "DND Bot States\DND Bot States.csproj", "{56903F9E-3E5D-4C22-8C88-350633B2A80B}"
EndProject
Global
	GlobalSection(SolutionConfigurationPlatforms) = preSolution
		Debug|Any CPU = Debug|Any CPU
		Release|Any CPU = Release|Any CPU
	EndGlobalSection
	GlobalSection(ProjectConfigurationPlatforms) = postSolution
		{BC6E42A2-4EF1-4E5F-89B4-444D66113AD7}.Debug|Any CPU.ActiveCfg = Debug|Any CPU
		{BC6E42A2-4EF1-4E5F-89B4-444D66113AD7}.Debug|Any CPU.Build.0 = Debug|Any CPU
		{BC6E42A2-4EF1-4E5F-89B4-444D66113AD7}.Release|Any CPU.ActiveCfg = Release|Any CPU
		{BC6E42A2-4EF1-4E5F-89B4-444D66113AD7}.Release|Any CPU.Build.0 = Release|Any CPU
		{56903F9E-3E5D-4C22-8C88-350633B2A80B}.Debug|Any CPU.ActiveCfg = Debug|Any CPU
		{56903F9E-3E5D-4C22-8C88-350633B2A80B}.Debug|Any CPU.Build.0 = Debug|Any CPU
		{56903F9E-3E5D-4C22-8C88-350633B2A80B}.Release|Any CPU.ActiveCfg = Release|Any CPU
		{56903F9E-3E5D-4C22-8C88-350633B2A80B}.Release|Any CPU.Build.0 = Release|Any CPU
	EndGlobalSection
EndGlobal
